// !$*UTF8*$!
{
	archiveVersion = 1;
	classes = {
	};
	objectVersion = 50;
	objects = {

/* Begin PBXBuildFile section */
		62F10ACC26A6844A00D6CDF3 /* HomePromptCellTableViewCell.swift in Sources */ = {isa = PBXBuildFile; fileRef = 62F10ACB26A6844A00D6CDF3 /* HomePromptCellTableViewCell.swift */; };
		62FE6747269FDF6E00AB2C31 /* AppDelegate.swift in Sources */ = {isa = PBXBuildFile; fileRef = 62FE6746269FDF6E00AB2C31 /* AppDelegate.swift */; };
		62FE6749269FDF6E00AB2C31 /* SceneDelegate.swift in Sources */ = {isa = PBXBuildFile; fileRef = 62FE6748269FDF6E00AB2C31 /* SceneDelegate.swift */; };
		62FE674E269FDF6E00AB2C31 /* Main.storyboard in Resources */ = {isa = PBXBuildFile; fileRef = 62FE674C269FDF6E00AB2C31 /* Main.storyboard */; };
		62FE6750269FDF7800AB2C31 /* Assets.xcassets in Resources */ = {isa = PBXBuildFile; fileRef = 62FE674F269FDF7800AB2C31 /* Assets.xcassets */; };
		62FE6753269FDF7800AB2C31 /* LaunchScreen.storyboard in Resources */ = {isa = PBXBuildFile; fileRef = 62FE6751269FDF7800AB2C31 /* LaunchScreen.storyboard */; };
		62FE675E269FDF7800AB2C31 /* TaleGridTests.swift in Sources */ = {isa = PBXBuildFile; fileRef = 62FE675D269FDF7800AB2C31 /* TaleGridTests.swift */; };
		62FE6769269FDF7800AB2C31 /* TaleGridUITests.swift in Sources */ = {isa = PBXBuildFile; fileRef = 62FE6768269FDF7800AB2C31 /* TaleGridUITests.swift */; };
		62FE677D269FE38100AB2C31 /* Karla-VariableFont_wght.ttf in Resources */ = {isa = PBXBuildFile; fileRef = 62FE677B269FE38100AB2C31 /* Karla-VariableFont_wght.ttf */; };
		62FE677E269FE38100AB2C31 /* Karla-Italic-VariableFont_wght.ttf in Resources */ = {isa = PBXBuildFile; fileRef = 62FE677C269FE38100AB2C31 /* Karla-Italic-VariableFont_wght.ttf */; };
		62FE678026A1393A00AB2C31 /* HomeViewController.swift in Sources */ = {isa = PBXBuildFile; fileRef = 62FE677F26A1393A00AB2C31 /* HomeViewController.swift */; };
		62FE678226A1399A00AB2C31 /* FreeWhiteViewController.swift in Sources */ = {isa = PBXBuildFile; fileRef = 62FE678126A1399A00AB2C31 /* FreeWhiteViewController.swift */; };
		62FE678426A13A2300AB2C31 /* ScriptsViewController.swift in Sources */ = {isa = PBXBuildFile; fileRef = 62FE678326A13A2300AB2C31 /* ScriptsViewController.swift */; };
/* End PBXBuildFile section */

/* Begin PBXContainerItemProxy section */
		62FE675A269FDF7800AB2C31 /* PBXContainerItemProxy */ = {
			isa = PBXContainerItemProxy;
			containerPortal = 62FE673B269FDF6E00AB2C31 /* Project object */;
			proxyType = 1;
			remoteGlobalIDString = 62FE6742269FDF6E00AB2C31;
			remoteInfo = TaleGrid;
		};
		62FE6765269FDF7800AB2C31 /* PBXContainerItemProxy */ = {
			isa = PBXContainerItemProxy;
			containerPortal = 62FE673B269FDF6E00AB2C31 /* Project object */;
			proxyType = 1;
			remoteGlobalIDString = 62FE6742269FDF6E00AB2C31;
			remoteInfo = TaleGrid;
		};
/* End PBXContainerItemProxy section */

/* Begin PBXFileReference section */
		62F10ACB26A6844A00D6CDF3 /* HomePromptCellTableViewCell.swift */ = {isa = PBXFileReference; lastKnownFileType = sourcecode.swift; path = HomePromptCellTableViewCell.swift; sourceTree = "<group>"; };
		62FE6743269FDF6E00AB2C31 /* TaleGrid.app */ = {isa = PBXFileReference; explicitFileType = wrapper.application; includeInIndex = 0; path = TaleGrid.app; sourceTree = BUILT_PRODUCTS_DIR; };
		62FE6746269FDF6E00AB2C31 /* AppDelegate.swift */ = {isa = PBXFileReference; lastKnownFileType = sourcecode.swift; path = AppDelegate.swift; sourceTree = "<group>"; };
		62FE6748269FDF6E00AB2C31 /* SceneDelegate.swift */ = {isa = PBXFileReference; lastKnownFileType = sourcecode.swift; path = SceneDelegate.swift; sourceTree = "<group>"; };
		62FE674D269FDF6E00AB2C31 /* Base */ = {isa = PBXFileReference; lastKnownFileType = file.storyboard; name = Base; path = Base.lproj/Main.storyboard; sourceTree = "<group>"; };
		62FE674F269FDF7800AB2C31 /* Assets.xcassets */ = {isa = PBXFileReference; lastKnownFileType = folder.assetcatalog; path = Assets.xcassets; sourceTree = "<group>"; };
		62FE6752269FDF7800AB2C31 /* Base */ = {isa = PBXFileReference; lastKnownFileType = file.storyboard; name = Base; path = Base.lproj/LaunchScreen.storyboard; sourceTree = "<group>"; };
		62FE6754269FDF7800AB2C31 /* Info.plist */ = {isa = PBXFileReference; lastKnownFileType = text.plist.xml; path = Info.plist; sourceTree = "<group>"; };
		62FE6759269FDF7800AB2C31 /* TaleGridTests.xctest */ = {isa = PBXFileReference; explicitFileType = wrapper.cfbundle; includeInIndex = 0; path = TaleGridTests.xctest; sourceTree = BUILT_PRODUCTS_DIR; };
		62FE675D269FDF7800AB2C31 /* TaleGridTests.swift */ = {isa = PBXFileReference; lastKnownFileType = sourcecode.swift; path = TaleGridTests.swift; sourceTree = "<group>"; };
		62FE675F269FDF7800AB2C31 /* Info.plist */ = {isa = PBXFileReference; lastKnownFileType = text.plist.xml; path = Info.plist; sourceTree = "<group>"; };
		62FE6764269FDF7800AB2C31 /* TaleGridUITests.xctest */ = {isa = PBXFileReference; explicitFileType = wrapper.cfbundle; includeInIndex = 0; path = TaleGridUITests.xctest; sourceTree = BUILT_PRODUCTS_DIR; };
		62FE6768269FDF7800AB2C31 /* TaleGridUITests.swift */ = {isa = PBXFileReference; lastKnownFileType = sourcecode.swift; path = TaleGridUITests.swift; sourceTree = "<group>"; };
		62FE676A269FDF7800AB2C31 /* Info.plist */ = {isa = PBXFileReference; lastKnownFileType = text.plist.xml; path = Info.plist; sourceTree = "<group>"; };
		62FE677B269FE38100AB2C31 /* Karla-VariableFont_wght.ttf */ = {isa = PBXFileReference; lastKnownFileType = file; path = "Karla-VariableFont_wght.ttf"; sourceTree = "<group>"; };
		62FE677C269FE38100AB2C31 /* Karla-Italic-VariableFont_wght.ttf */ = {isa = PBXFileReference; lastKnownFileType = file; path = "Karla-Italic-VariableFont_wght.ttf"; sourceTree = "<group>"; };
		62FE677F26A1393A00AB2C31 /* HomeViewController.swift */ = {isa = PBXFileReference; lastKnownFileType = sourcecode.swift; path = HomeViewController.swift; sourceTree = "<group>"; };
		62FE678126A1399A00AB2C31 /* FreeWhiteViewController.swift */ = {isa = PBXFileReference; lastKnownFileType = sourcecode.swift; path = FreeWhiteViewController.swift; sourceTree = "<group>"; };
		62FE678326A13A2300AB2C31 /* ScriptsViewController.swift */ = {isa = PBXFileReference; lastKnownFileType = sourcecode.swift; path = ScriptsViewController.swift; sourceTree = "<group>"; };
/* End PBXFileReference section */

/* Begin PBXFrameworksBuildPhase section */
		62FE6740269FDF6E00AB2C31 /* Frameworks */ = {
			isa = PBXFrameworksBuildPhase;
			buildActionMask = 2147483647;
			files = (
			);
			runOnlyForDeploymentPostprocessing = 0;
		};
		62FE6756269FDF7800AB2C31 /* Frameworks */ = {
			isa = PBXFrameworksBuildPhase;
			buildActionMask = 2147483647;
			files = (
			);
			runOnlyForDeploymentPostprocessing = 0;
		};
		62FE6761269FDF7800AB2C31 /* Frameworks */ = {
			isa = PBXFrameworksBuildPhase;
			buildActionMask = 2147483647;
			files = (
			);
			runOnlyForDeploymentPostprocessing = 0;
		};
/* End PBXFrameworksBuildPhase section */

/* Begin PBXGroup section */
		62FE673A269FDF6E00AB2C31 = {
			isa = PBXGroup;
			children = (
				62FE6745269FDF6E00AB2C31 /* TaleGrid */,
				62FE675C269FDF7800AB2C31 /* TaleGridTests */,
				62FE6767269FDF7800AB2C31 /* TaleGridUITests */,
				62FE6744269FDF6E00AB2C31 /* Products */,
			);
			sourceTree = "<group>";
		};
		62FE6744269FDF6E00AB2C31 /* Products */ = {
			isa = PBXGroup;
			children = (
				62FE6743269FDF6E00AB2C31 /* TaleGrid.app */,
				62FE6759269FDF7800AB2C31 /* TaleGridTests.xctest */,
				62FE6764269FDF7800AB2C31 /* TaleGridUITests.xctest */,
			);
			name = Products;
			sourceTree = "<group>";
		};
		62FE6745269FDF6E00AB2C31 /* TaleGrid */ = {
			isa = PBXGroup;
			children = (
				62FE6779269FE1CD00AB2C31 /* Model */,
				62FE6778269FE1A000AB2C31 /* Storyboard */,
				62FE6776269FE15700AB2C31 /* Controllers */,
				62FE677A269FE2B600AB2C31 /* Fonts */,
				62FE674F269FDF7800AB2C31 /* Assets.xcassets */,
				62FE6754269FDF7800AB2C31 /* Info.plist */,
			);
			path = TaleGrid;
			sourceTree = "<group>";
		};
		62FE675C269FDF7800AB2C31 /* TaleGridTests */ = {
			isa = PBXGroup;
			children = (
				62FE675D269FDF7800AB2C31 /* TaleGridTests.swift */,
				62FE675F269FDF7800AB2C31 /* Info.plist */,
			);
			path = TaleGridTests;
			sourceTree = "<group>";
		};
		62FE6767269FDF7800AB2C31 /* TaleGridUITests */ = {
			isa = PBXGroup;
			children = (
				62FE6768269FDF7800AB2C31 /* TaleGridUITests.swift */,
				62FE676A269FDF7800AB2C31 /* Info.plist */,
			);
			path = TaleGridUITests;
			sourceTree = "<group>";
		};
		62FE6776269FE15700AB2C31 /* Controllers */ = {
			isa = PBXGroup;
			children = (
				62FE6746269FDF6E00AB2C31 /* AppDelegate.swift */,
				62FE6748269FDF6E00AB2C31 /* SceneDelegate.swift */,
				62F10ACB26A6844A00D6CDF3 /* HomePromptCellTableViewCell.swift */,
				62FE677F26A1393A00AB2C31 /* HomeViewController.swift */,
				62FE678126A1399A00AB2C31 /* FreeWhiteViewController.swift */,
				62FE678326A13A2300AB2C31 /* ScriptsViewController.swift */,
			);
			path = Controllers;
			sourceTree = "<group>";
		};
		62FE6778269FE1A000AB2C31 /* Storyboard */ = {
			isa = PBXGroup;
			children = (
				62FE674C269FDF6E00AB2C31 /* Main.storyboard */,
				62FE6751269FDF7800AB2C31 /* LaunchScreen.storyboard */,
			);
			path = Storyboard;
			sourceTree = "<group>";
		};
		62FE6779269FE1CD00AB2C31 /* Model */ = {
			isa = PBXGroup;
			children = (
			);
			path = Model;
			sourceTree = "<group>";
		};
		62FE677A269FE2B600AB2C31 /* Fonts */ = {
			isa = PBXGroup;
			children = (
				62FE677C269FE38100AB2C31 /* Karla-Italic-VariableFont_wght.ttf */,
				62FE677B269FE38100AB2C31 /* Karla-VariableFont_wght.ttf */,
			);
			path = Fonts;
			sourceTree = "<group>";
		};
/* End PBXGroup section */

/* Begin PBXNativeTarget section */
		62FE6742269FDF6E00AB2C31 /* TaleGrid */ = {
			isa = PBXNativeTarget;
			buildConfigurationList = 62FE676D269FDF7800AB2C31 /* Build configuration list for PBXNativeTarget "TaleGrid" */;
			buildPhases = (
				62FE673F269FDF6E00AB2C31 /* Sources */,
				62FE6740269FDF6E00AB2C31 /* Frameworks */,
				62FE6741269FDF6E00AB2C31 /* Resources */,
			);
			buildRules = (
			);
			dependencies = (
			);
			name = TaleGrid;
			productName = TaleGrid;
			productReference = 62FE6743269FDF6E00AB2C31 /* TaleGrid.app */;
			productType = "com.apple.product-type.application";
		};
		62FE6758269FDF7800AB2C31 /* TaleGridTests */ = {
			isa = PBXNativeTarget;
			buildConfigurationList = 62FE6770269FDF7800AB2C31 /* Build configuration list for PBXNativeTarget "TaleGridTests" */;
			buildPhases = (
				62FE6755269FDF7800AB2C31 /* Sources */,
				62FE6756269FDF7800AB2C31 /* Frameworks */,
				62FE6757269FDF7800AB2C31 /* Resources */,
			);
			buildRules = (
			);
			dependencies = (
				62FE675B269FDF7800AB2C31 /* PBXTargetDependency */,
			);
			name = TaleGridTests;
			productName = TaleGridTests;
			productReference = 62FE6759269FDF7800AB2C31 /* TaleGridTests.xctest */;
			productType = "com.apple.product-type.bundle.unit-test";
		};
		62FE6763269FDF7800AB2C31 /* TaleGridUITests */ = {
			isa = PBXNativeTarget;
			buildConfigurationList = 62FE6773269FDF7800AB2C31 /* Build configuration list for PBXNativeTarget "TaleGridUITests" */;
			buildPhases = (
				62FE6760269FDF7800AB2C31 /* Sources */,
				62FE6761269FDF7800AB2C31 /* Frameworks */,
				62FE6762269FDF7800AB2C31 /* Resources */,
			);
			buildRules = (
			);
			dependencies = (
				62FE6766269FDF7800AB2C31 /* PBXTargetDependency */,
			);
			name = TaleGridUITests;
			productName = TaleGridUITests;
			productReference = 62FE6764269FDF7800AB2C31 /* TaleGridUITests.xctest */;
			productType = "com.apple.product-type.bundle.ui-testing";
		};
/* End PBXNativeTarget section */

/* Begin PBXProject section */
		62FE673B269FDF6E00AB2C31 /* Project object */ = {
			isa = PBXProject;
			attributes = {
				LastSwiftUpdateCheck = 1250;
				LastUpgradeCheck = 1250;
				TargetAttributes = {
					62FE6742269FDF6E00AB2C31 = {
						CreatedOnToolsVersion = 12.5.1;
					};
					62FE6758269FDF7800AB2C31 = {
						CreatedOnToolsVersion = 12.5.1;
						TestTargetID = 62FE6742269FDF6E00AB2C31;
					};
					62FE6763269FDF7800AB2C31 = {
						CreatedOnToolsVersion = 12.5.1;
						TestTargetID = 62FE6742269FDF6E00AB2C31;
					};
				};
			};
			buildConfigurationList = 62FE673E269FDF6E00AB2C31 /* Build configuration list for PBXProject "TaleGrid" */;
			compatibilityVersion = "Xcode 9.3";
			developmentRegion = en;
			hasScannedForEncodings = 0;
			knownRegions = (
				en,
				Base,
			);
			mainGroup = 62FE673A269FDF6E00AB2C31;
			productRefGroup = 62FE6744269FDF6E00AB2C31 /* Products */;
			projectDirPath = "";
			projectRoot = "";
			targets = (
				62FE6742269FDF6E00AB2C31 /* TaleGrid */,
				62FE6758269FDF7800AB2C31 /* TaleGridTests */,
				62FE6763269FDF7800AB2C31 /* TaleGridUITests */,
			);
		};
/* End PBXProject section */

/* Begin PBXResourcesBuildPhase section */
		62FE6741269FDF6E00AB2C31 /* Resources */ = {
			isa = PBXResourcesBuildPhase;
			buildActionMask = 2147483647;
			files = (
				62FE6753269FDF7800AB2C31 /* LaunchScreen.storyboard in Resources */,
				62FE677D269FE38100AB2C31 /* Karla-VariableFont_wght.ttf in Resources */,
				62FE6750269FDF7800AB2C31 /* Assets.xcassets in Resources */,
				62FE674E269FDF6E00AB2C31 /* Main.storyboard in Resources */,
				62FE677E269FE38100AB2C31 /* Karla-Italic-VariableFont_wght.ttf in Resources */,
			);
			runOnlyForDeploymentPostprocessing = 0;
		};
		62FE6757269FDF7800AB2C31 /* Resources */ = {
			isa = PBXResourcesBuildPhase;
			buildActionMask = 2147483647;
			files = (
			);
			runOnlyForDeploymentPostprocessing = 0;
		};
		62FE6762269FDF7800AB2C31 /* Resources */ = {
			isa = PBXResourcesBuildPhase;
			buildActionMask = 2147483647;
			files = (
			);
			runOnlyForDeploymentPostprocessing = 0;
		};
/* End PBXResourcesBuildPhase section */

/* Begin PBXSourcesBuildPhase section */
		62FE673F269FDF6E00AB2C31 /* Sources */ = {
			isa = PBXSourcesBuildPhase;
			buildActionMask = 2147483647;
			files = (
				62F10ACC26A6844A00D6CDF3 /* HomePromptCellTableViewCell.swift in Sources */,
				62FE6747269FDF6E00AB2C31 /* AppDelegate.swift in Sources */,
				62FE6749269FDF6E00AB2C31 /* SceneDelegate.swift in Sources */,
				62FE678426A13A2300AB2C31 /* ScriptsViewController.swift in Sources */,
				62FE678226A1399A00AB2C31 /* FreeWhiteViewController.swift in Sources */,
				62FE678026A1393A00AB2C31 /* HomeViewController.swift in Sources */,
			);
			runOnlyForDeploymentPostprocessing = 0;
		};
		62FE6755269FDF7800AB2C31 /* Sources */ = {
			isa = PBXSourcesBuildPhase;
			buildActionMask = 2147483647;
			files = (
				62FE675E269FDF7800AB2C31 /* TaleGridTests.swift in Sources */,
			);
			runOnlyForDeploymentPostprocessing = 0;
		};
		62FE6760269FDF7800AB2C31 /* Sources */ = {
			isa = PBXSourcesBuildPhase;
			buildActionMask = 2147483647;
			files = (
				62FE6769269FDF7800AB2C31 /* TaleGridUITests.swift in Sources */,
			);
			runOnlyForDeploymentPostprocessing = 0;
		};
/* End PBXSourcesBuildPhase section */

/* Begin PBXTargetDependency section */
		62FE675B269FDF7800AB2C31 /* PBXTargetDependency */ = {
			isa = PBXTargetDependency;
			target = 62FE6742269FDF6E00AB2C31 /* TaleGrid */;
			targetProxy = 62FE675A269FDF7800AB2C31 /* PBXContainerItemProxy */;
		};
		62FE6766269FDF7800AB2C31 /* PBXTargetDependency */ = {
			isa = PBXTargetDependency;
			target = 62FE6742269FDF6E00AB2C31 /* TaleGrid */;
			targetProxy = 62FE6765269FDF7800AB2C31 /* PBXContainerItemProxy */;
		};
/* End PBXTargetDependency section */

/* Begin PBXVariantGroup section */
		62FE674C269FDF6E00AB2C31 /* Main.storyboard */ = {
			isa = PBXVariantGroup;
			children = (
				62FE674D269FDF6E00AB2C31 /* Base */,
			);
			name = Main.storyboard;
			sourceTree = "<group>";
		};
		62FE6751269FDF7800AB2C31 /* LaunchScreen.storyboard */ = {
			isa = PBXVariantGroup;
			children = (
				62FE6752269FDF7800AB2C31 /* Base */,
			);
			name = LaunchScreen.storyboard;
			sourceTree = "<group>";
		};
/* End PBXVariantGroup section */

/* Begin XCBuildConfiguration section */
		62FE676B269FDF7800AB2C31 /* Debug */ = {
			isa = XCBuildConfiguration;
			buildSettings = {
				ALWAYS_SEARCH_USER_PATHS = NO;
				CLANG_ANALYZER_NONNULL = YES;
				CLANG_ANALYZER_NUMBER_OBJECT_CONVERSION = YES_AGGRESSIVE;
				CLANG_CXX_LANGUAGE_STANDARD = "gnu++14";
				CLANG_CXX_LIBRARY = "libc++";
				CLANG_ENABLE_MODULES = YES;
				CLANG_ENABLE_OBJC_ARC = YES;
				CLANG_ENABLE_OBJC_WEAK = YES;
				CLANG_WARN_BLOCK_CAPTURE_AUTORELEASING = YES;
				CLANG_WARN_BOOL_CONVERSION = YES;
				CLANG_WARN_COMMA = YES;
				CLANG_WARN_CONSTANT_CONVERSION = YES;
				CLANG_WARN_DEPRECATED_OBJC_IMPLEMENTATIONS = YES;
				CLANG_WARN_DIRECT_OBJC_ISA_USAGE = YES_ERROR;
				CLANG_WARN_DOCUMENTATION_COMMENTS = YES;
				CLANG_WARN_EMPTY_BODY = YES;
				CLANG_WARN_ENUM_CONVERSION = YES;
				CLANG_WARN_INFINITE_RECURSION = YES;
				CLANG_WARN_INT_CONVERSION = YES;
				CLANG_WARN_NON_LITERAL_NULL_CONVERSION = YES;
				CLANG_WARN_OBJC_IMPLICIT_RETAIN_SELF = YES;
				CLANG_WARN_OBJC_LITERAL_CONVERSION = YES;
				CLANG_WARN_OBJC_ROOT_CLASS = YES_ERROR;
				CLANG_WARN_QUOTED_INCLUDE_IN_FRAMEWORK_HEADER = YES;
				CLANG_WARN_RANGE_LOOP_ANALYSIS = YES;
				CLANG_WARN_STRICT_PROTOTYPES = YES;
				CLANG_WARN_SUSPICIOUS_MOVE = YES;
				CLANG_WARN_UNGUARDED_AVAILABILITY = YES_AGGRESSIVE;
				CLANG_WARN_UNREACHABLE_CODE = YES;
				CLANG_WARN__DUPLICATE_METHOD_MATCH = YES;
				COPY_PHASE_STRIP = NO;
				DEBUG_INFORMATION_FORMAT = dwarf;
				ENABLE_STRICT_OBJC_MSGSEND = YES;
				ENABLE_TESTABILITY = YES;
				GCC_C_LANGUAGE_STANDARD = gnu11;
				GCC_DYNAMIC_NO_PIC = NO;
				GCC_NO_COMMON_BLOCKS = YES;
				GCC_OPTIMIZATION_LEVEL = 0;
				GCC_PREPROCESSOR_DEFINITIONS = (
					"DEBUG=1",
					"$(inherited)",
				);
				GCC_WARN_64_TO_32_BIT_CONVERSION = YES;
				GCC_WARN_ABOUT_RETURN_TYPE = YES_ERROR;
				GCC_WARN_UNDECLARED_SELECTOR = YES;
				GCC_WARN_UNINITIALIZED_AUTOS = YES_AGGRESSIVE;
				GCC_WARN_UNUSED_FUNCTION = YES;
				GCC_WARN_UNUSED_VARIABLE = YES;
				IPHONEOS_DEPLOYMENT_TARGET = 14.5;
				MTL_ENABLE_DEBUG_INFO = INCLUDE_SOURCE;
				MTL_FAST_MATH = YES;
				ONLY_ACTIVE_ARCH = YES;
				SDKROOT = iphoneos;
				SWIFT_ACTIVE_COMPILATION_CONDITIONS = DEBUG;
				SWIFT_OPTIMIZATION_LEVEL = "-Onone";
			};
			name = Debug;
		};
		62FE676C269FDF7800AB2C31 /* Release */ = {
			isa = XCBuildConfiguration;
			buildSettings = {
				ALWAYS_SEARCH_USER_PATHS = NO;
				CLANG_ANALYZER_NONNULL = YES;
				CLANG_ANALYZER_NUMBER_OBJECT_CONVERSION = YES_AGGRESSIVE;
				CLANG_CXX_LANGUAGE_STANDARD = "gnu++14";
				CLANG_CXX_LIBRARY = "libc++";
				CLANG_ENABLE_MODULES = YES;
				CLANG_ENABLE_OBJC_ARC = YES;
				CLANG_ENABLE_OBJC_WEAK = YES;
				CLANG_WARN_BLOCK_CAPTURE_AUTORELEASING = YES;
				CLANG_WARN_BOOL_CONVERSION = YES;
				CLANG_WARN_COMMA = YES;
				CLANG_WARN_CONSTANT_CONVERSION = YES;
				CLANG_WARN_DEPRECATED_OBJC_IMPLEMENTATIONS = YES;
				CLANG_WARN_DIRECT_OBJC_ISA_USAGE = YES_ERROR;
				CLANG_WARN_DOCUMENTATION_COMMENTS = YES;
				CLANG_WARN_EMPTY_BODY = YES;
				CLANG_WARN_ENUM_CONVERSION = YES;
				CLANG_WARN_INFINITE_RECURSION = YES;
				CLANG_WARN_INT_CONVERSION = YES;
				CLANG_WARN_NON_LITERAL_NULL_CONVERSION = YES;
				CLANG_WARN_OBJC_IMPLICIT_RETAIN_SELF = YES;
				CLANG_WARN_OBJC_LITERAL_CONVERSION = YES;
				CLANG_WARN_OBJC_ROOT_CLASS = YES_ERROR;
				CLANG_WARN_QUOTED_INCLUDE_IN_FRAMEWORK_HEADER = YES;
				CLANG_WARN_RANGE_LOOP_ANALYSIS = YES;
				CLANG_WARN_STRICT_PROTOTYPES = YES;
				CLANG_WARN_SUSPICIOUS_MOVE = YES;
				CLANG_WARN_UNGUARDED_AVAILABILITY = YES_AGGRESSIVE;
				CLANG_WARN_UNREACHABLE_CODE = YES;
				CLANG_WARN__DUPLICATE_METHOD_MATCH = YES;
				COPY_PHASE_STRIP = NO;
				DEBUG_INFORMATION_FORMAT = "dwarf-with-dsym";
				ENABLE_NS_ASSERTIONS = NO;
				ENABLE_STRICT_OBJC_MSGSEND = YES;
				GCC_C_LANGUAGE_STANDARD = gnu11;
				GCC_NO_COMMON_BLOCKS = YES;
				GCC_WARN_64_TO_32_BIT_CONVERSION = YES;
				GCC_WARN_ABOUT_RETURN_TYPE = YES_ERROR;
				GCC_WARN_UNDECLARED_SELECTOR = YES;
				GCC_WARN_UNINITIALIZED_AUTOS = YES_AGGRESSIVE;
				GCC_WARN_UNUSED_FUNCTION = YES;
				GCC_WARN_UNUSED_VARIABLE = YES;
				IPHONEOS_DEPLOYMENT_TARGET = 14.5;
				MTL_ENABLE_DEBUG_INFO = NO;
				MTL_FAST_MATH = YES;
				SDKROOT = iphoneos;
				SWIFT_COMPILATION_MODE = wholemodule;
				SWIFT_OPTIMIZATION_LEVEL = "-O";
				VALIDATE_PRODUCT = YES;
			};
			name = Release;
		};
		62FE676E269FDF7800AB2C31 /* Debug */ = {
			isa = XCBuildConfiguration;
			buildSettings = {
				ASSETCATALOG_COMPILER_APPICON_NAME = AppIcon;
				ASSETCATALOG_COMPILER_GLOBAL_ACCENT_COLOR_NAME = AccentColor;
				CODE_SIGN_STYLE = Automatic;
				DEVELOPMENT_TEAM = Z5QMR69A75;
				INFOPLIST_FILE = TaleGrid/Info.plist;
				LD_RUNPATH_SEARCH_PATHS = (
					"$(inherited)",
					"@executable_path/Frameworks",
				);
				PRODUCT_BUNDLE_IDENTIFIER = od.amoah.TaleGrid;
				PRODUCT_NAME = "$(TARGET_NAME)";
				SWIFT_VERSION = 5.0;
				TARGETED_DEVICE_FAMILY = "1,2";
			};
			name = Debug;
		};
		62FE676F269FDF7800AB2C31 /* Release */ = {
			isa = XCBuildConfiguration;
			buildSettings = {
				ASSETCATALOG_COMPILER_APPICON_NAME = AppIcon;
				ASSETCATALOG_COMPILER_GLOBAL_ACCENT_COLOR_NAME = AccentColor;
				CODE_SIGN_STYLE = Automatic;
				DEVELOPMENT_TEAM = Z5QMR69A75;
				INFOPLIST_FILE = TaleGrid/Info.plist;
				LD_RUNPATH_SEARCH_PATHS = (
					"$(inherited)",
					"@executable_path/Frameworks",
				);
				PRODUCT_BUNDLE_IDENTIFIER = od.amoah.TaleGrid;
				PRODUCT_NAME = "$(TARGET_NAME)";
				SWIFT_VERSION = 5.0;
				TARGETED_DEVICE_FAMILY = "1,2";
			};
			name = Release;
		};
		62FE6771269FDF7800AB2C31 /* Debug */ = {
			isa = XCBuildConfiguration;
			buildSettings = {
				ALWAYS_EMBED_SWIFT_STANDARD_LIBRARIES = YES;
				BUNDLE_LOADER = "$(TEST_HOST)";
				CODE_SIGN_STYLE = Automatic;
				DEVELOPMENT_TEAM = Z5QMR69A75;
				INFOPLIST_FILE = TaleGridTests/Info.plist;
				IPHONEOS_DEPLOYMENT_TARGET = 14.5;
				LD_RUNPATH_SEARCH_PATHS = (
					"$(inherited)",
					"@executable_path/Frameworks",
					"@loader_path/Frameworks",
				);
				PRODUCT_BUNDLE_IDENTIFIER = od.amoah.TaleGridTests;
				PRODUCT_NAME = "$(TARGET_NAME)";
				SWIFT_VERSION = 5.0;
				TARGETED_DEVICE_FAMILY = "1,2";
				TEST_HOST = "$(BUILT_PRODUCTS_DIR)/TaleGrid.app/TaleGrid";
			};
			name = Debug;
		};
		62FE6772269FDF7800AB2C31 /* Release */ = {
			isa = XCBuildConfiguration;
			buildSettings = {
				ALWAYS_EMBED_SWIFT_STANDARD_LIBRARIES = YES;
				BUNDLE_LOADER = "$(TEST_HOST)";
				CODE_SIGN_STYLE = Automatic;
				DEVELOPMENT_TEAM = Z5QMR69A75;
				INFOPLIST_FILE = TaleGridTests/Info.plist;
				IPHONEOS_DEPLOYMENT_TARGET = 14.5;
				LD_RUNPATH_SEARCH_PATHS = (
					"$(inherited)",
					"@executable_path/Frameworks",
					"@loader_path/Frameworks",
				);
				PRODUCT_BUNDLE_IDENTIFIER = od.amoah.TaleGridTests;
				PRODUCT_NAME = "$(TARGET_NAME)";
				SWIFT_VERSION = 5.0;
				TARGETED_DEVICE_FAMILY = "1,2";
				TEST_HOST = "$(BUILT_PRODUCTS_DIR)/TaleGrid.app/TaleGrid";
			};
			name = Release;
		};
		62FE6774269FDF7800AB2C31 /* Debug */ = {
			isa = XCBuildConfiguration;
			buildSettings = {
				ALWAYS_EMBED_SWIFT_STANDARD_LIBRARIES = YES;
				CODE_SIGN_STYLE = Automatic;
				DEVELOPMENT_TEAM = Z5QMR69A75;
				INFOPLIST_FILE = TaleGridUITests/Info.plist;
				LD_RUNPATH_SEARCH_PATHS = (
					"$(inherited)",
					"@executable_path/Frameworks",
					"@loader_path/Frameworks",
				);
				PRODUCT_BUNDLE_IDENTIFIER = od.amoah.TaleGridUITests;
				PRODUCT_NAME = "$(TARGET_NAME)";
				SWIFT_VERSION = 5.0;
				TARGETED_DEVICE_FAMILY = "1,2";
				TEST_TARGET_NAME = TaleGrid;
			};
			name = Debug;
		};
		62FE6775269FDF7800AB2C31 /* Release */ = {
			isa = XCBuildConfiguration;
			buildSettings = {
				ALWAYS_EMBED_SWIFT_STANDARD_LIBRARIES = YES;
				CODE_SIGN_STYLE = Automatic;
				DEVELOPMENT_TEAM = Z5QMR69A75;
				INFOPLIST_FILE = TaleGridUITests/Info.plist;
				LD_RUNPATH_SEARCH_PATHS = (
					"$(inherited)",
					"@executable_path/Frameworks",
					"@loader_path/Frameworks",
				);
				PRODUCT_BUNDLE_IDENTIFIER = od.amoah.TaleGridUITests;
				PRODUCT_NAME = "$(TARGET_NAME)";
				SWIFT_VERSION = 5.0;
				TARGETED_DEVICE_FAMILY = "1,2";
				TEST_TARGET_NAME = TaleGrid;
			};
			name = Release;
		};
/* End XCBuildConfiguration section */

/* Begin XCConfigurationList section */
		62FE673E269FDF6E00AB2C31 /* Build configuration list for PBXProject "TaleGrid" */ = {
			isa = XCConfigurationList;
			buildConfigurations = (
				62FE676B269FDF7800AB2C31 /* Debug */,
				62FE676C269FDF7800AB2C31 /* Release */,
			);
			defaultConfigurationIsVisible = 0;
			defaultConfigurationName = Release;
		};
		62FE676D269FDF7800AB2C31 /* Build configuration list for PBXNativeTarget "TaleGrid" */ = {
			isa = XCConfigurationList;
			buildConfigurations = (
				62FE676E269FDF7800AB2C31 /* Debug */,
				62FE676F269FDF7800AB2C31 /* Release */,
			);
			defaultConfigurationIsVisible = 0;
			defaultConfigurationName = Release;
		};
		62FE6770269FDF7800AB2C31 /* Build configuration list for PBXNativeTarget "TaleGridTests" */ = {
			isa = XCConfigurationList;
			buildConfigurations = (
				62FE6771269FDF7800AB2C31 /* Debug */,
				62FE6772269FDF7800AB2C31 /* Release */,
			);
			defaultConfigurationIsVisible = 0;
			defaultConfigurationName = Release;
		};
		62FE6773269FDF7800AB2C31 /* Build configuration list for PBXNativeTarget "TaleGridUITests" */ = {
			isa = XCConfigurationList;
			buildConfigurations = (
				62FE6774269FDF7800AB2C31 /* Debug */,
				62FE6775269FDF7800AB2C31 /* Release */,
			);
			defaultConfigurationIsVisible = 0;
			defaultConfigurationName = Release;
		};
/* End XCConfigurationList section */
	};
	rootObject = 62FE673B269FDF6E00AB2C31 /* Project object */;
}
